# This file is autogenerated, do not edit; changes may be undone by the next 'dep ensure'.


[[projects]]
  branch = "master"
  digest = "1:47ea4fbe2ab4aeb9808502c51e657041c2e49b36b83fc1c1a349135cdf16342f"
  name = "github.com/agl/ed25519"
  packages = [
    ".",
    "edwards25519",
  ]
  pruneopts = "NUT"
  revision = "5312a61534124124185d41f09206b9fef1d88403"

[[projects]]
  branch = "master"
  digest = "1:7d04786171171eb83a6b0592bb4582788bf23255ef6caf31ef4a19045ef4dddc"
  name = "github.com/brutella/dnssd"
  packages = [
    ".",
    "log",
  ]
  pruneopts = "NUT"
  revision = "a1eecd10aafc0f8a4971c78dfc36e8778599434b"

[[projects]]
  branch = "master"
  digest = "1:4f25fa49859006914fc07c378e99ad57b5feb0068c8a1b1d4c6d843c6284ce00"
  name = "github.com/brutella/hc"
  packages = [
    ".",
    "accessory",
    "characteristic",
    "crypto",
    "crypto/chacha20poly1305",
    "crypto/curve25519",
    "crypto/hkdf",
    "db",
    "event",
    "hap",
    "hap/controller",
    "hap/data",
    "hap/endpoint",
    "hap/http",
    "hap/pair",
    "log",
    "service",
    "util",
  ]
  pruneopts = "NUT"
  revision = "5b6df487276b6f329e632f0992274dec73a8b7b0"

[[projects]]
  branch = "master"
  digest = "1:f2ad6097c242d1bd07a50a229545ff792c559bd38c64c5d10f4720b59274de36"
  name = "github.com/gosexy/to"
  packages = ["."]
  pruneopts = "NUT"
  revision = "c20e083e31230b84ffa23c5d2fb0bc55f5292681"

[[projects]]
  digest = "1:08f371a20c6d00a20e882281d6999cfc48ff6d8dc7996be2f563fb83c3823f3d"
  name = "github.com/miekg/dns"
  packages = ["."]
  pruneopts = "NUT"
  revision = "ba6747e8a94115e9dc7738afb87850687611df1b"
  version = "v1.0.12"

[[projects]]
  digest = "1:5d38c0b7e011b2dfb108eecccd4966dacd488ab2070b7d10952c77b909309349"
  name = "github.com/stianeikeland/go-rpio"
  packages = ["."]
  pruneopts = "NUT"
  revision = "019f406b4939d0ac8fb6801637506f0e2fe872d3"
  version = "4.2.0"

[[projects]]
  branch = "master"
  digest = "1:4203ff9f9475785fe17a29ce1f4e72098d770606a14b6559e8ddc3bd3f579f5e"
  name = "github.com/tadglines/go-pkgs"
  packages = ["crypto/srp"]
  pruneopts = "NUT"
  revision = "1f86682992f1a784aa7592b2be0ae80f194b2479"

[[projects]]
  branch = "master"
  digest = "1:35d71dddeba667341739220cd55ce8e4ecd4595f42b4c0823a5c101b7d989ecc"
  name = "golang.org/x/crypto"
  packages = [
    "chacha20poly1305",
    "curve25519",
    "ed25519",
    "ed25519/internal/edwards25519",
    "hkdf",
    "internal/chacha20",
    "internal/subtle",
    "poly1305",
  ]
  pruneopts = "NUT"
  revision = "e3636079e1a4c1f337f212cc5cd2aca108f6c900"

[[projects]]
  branch = "master"
  digest = "1:7679523acab7ab7d18ac9e00b46991470a212a1e3dc653027db8f331b02397a2"
  name = "golang.org/x/net"
  packages = [
    "bpf",
    "internal/iana",
    "internal/socket",
    "ipv4",
    "ipv6",
  ]
  pruneopts = "NUT"
  revision = "146acd28ed5894421fb5aac80ca93bc1b1f46f87"

[[projects]]
  branch = "master"
  digest = "1:ebdc5f43e9ece459fbf9504721e70533bd72adfb3b7bfd4d3a3920aa8029d297"
  name = "golang.org/x/sys"
  packages = [
    "cpu",
    "unix",
  ]
  pruneopts = "NUT"
  revision = "4497e2df6f9e69048a54498c7affbbec3294ad47"

[solve-meta]
  analyzer-name = "dep"
  analyzer-version = 1
  input-imports = [
    "github.com/brutella/hc",
    "github.com/brutella/hc/accessory",
    "github.com/brutella/hc/characteristic",
    "github.com/brutella/hc/service",
    "github.com/stianeikeland/go-rpio",
  ]
  solver-name = "gps-cdcl"
  solver-version = 1
